
Microsoft Visual Studio Solution File, Format Version 12.00
# Visual Studio Version 16
VisualStudioVersion = 16.0.31019.35
MinimumVisualStudioVersion = 10.0.40219.1
Project("{FAE04EC0-301F-11D3-BF4B-00C04F79EFBC}") = "Nuked-OPL3 Test", "Nuked-OPL3 Test\Nuked-OPL3 Test.csproj", "{AF21AA63-B13D-4A60-856E-3504109EA2A5}"
EndProject
Project("{9A19103F-16F7-4668-BE54-9A1E7A4F7556}") = "Nuked-OPL3", "Nuked-OPL3\Nuked-OPL3.csproj", "{5CC054C5-4087-4B3D-9F70-03D6BAF6DDA6}"
EndProject
Global
	GlobalSection(SolutionConfigurationPlatforms) = preSolution
		Debug|Any CPU = Debug|Any CPU
		Release|Any CPU = Release|Any CPU
	EndGlobalSection
	GlobalSection(ProjectConfigurationPlatforms) = postSolution
		{AF21AA63-B13D-4A60-856E-3504109EA2A5}.Debug|Any CPU.ActiveCfg = Debug|Any CPU
		{AF21AA63-B13D-4A60-856E-3504109EA2A5}.Debug|Any CPU.Build.0 = Debug|Any CPU
		{AF21AA63-B13D-4A60-856E-3504109EA2A5}.Release|Any CPU.ActiveCfg = Release|Any CPU
		{AF21AA63-B13D-4A60-856E-3504109EA2A5}.Release|Any CPU.Build.0 = Release|Any CPU
		{5CC054C5-4087-4B3D-9F70-03D6BAF6DDA6}.Debug|Any CPU.ActiveCfg = Debug|Any CPU
		{5CC054C5-4087-4B3D-9F70-03D6BAF6DDA6}.Debug|Any CPU.Build.0 = Debug|Any CPU
		{5CC054C5-4087-4B3D-9F70-03D6BAF6DDA6}.Release|Any CPU.ActiveCfg = Release|Any CPU
		{5CC054C5-4087-4B3D-9F70-03D6BAF6DDA6}.Release|Any CPU.Build.0 = Release|Any CPU
	EndGlobalSection
	GlobalSection(SolutionProperties) = preSolution
		HideSolutionNode = FALSE
	EndGlobalSection
	GlobalSection(ExtensibilityGlobals) = postSolution
		SolutionGuid = {DF4D3CBD-2F7C-4F8D-AD1A-A5074EE7F8F3}
	EndGlobalSection
	GlobalSection(SubversionScc) = preSolution
		Svn-Managed = True
		Manager = AnkhSVN2019 - Subversion Support for Visual Studio
	EndGlobalSection
EndGlobal
